<?xml version="1.0" encoding="utf-8"?>
<Project ToolsVersion="4.0" xmlns="http://schemas.microsoft.com/developer/msbuild/2003">
  <ItemGroup>
    <Filter Include="소스 파일">
      <UniqueIdentifier>{4FC737F1-C7A5-4376-A066-2A32D752A2FF}</UniqueIdentifier>
      <Extensions>cpp;c;cc;cxx;c++;cppm;ixx;def;odl;idl;hpj;bat;asm;asmx</Extensions>
    </Filter>
    <Filter Include="헤더 파일">
      <UniqueIdentifier>{93995380-89BD-4b04-88EB-625FBE52EBFB}</UniqueIdentifier>
      <Extensions>h;hh;hpp;hxx;h++;hm;inl;inc;ipp;xsd</Extensions>
    </Filter>
    <Filter Include="리소스 파일">
      <UniqueIdentifier>{67DA6AB6-F800-4c08-8B7A-83BB121AAD01}</UniqueIdentifier>
      <Extensions>rc;ico;cur;bmp;dlg;rc2;rct;bin;rgs;gif;jpg;jpeg;jpe;resx;tiff;tif;png;wav;mfcribbon-ms</Extensions>
    </Filter>
    <Filter Include="소스 파일\Main">
      <UniqueIdentifier>{764ea7ff-c7ac-43f0-a651-52cab73525f7}</UniqueIdentifier>
    </Filter>
    <Filter Include="헤더 파일\Main">
      <UniqueIdentifier>{3c630836-bb49-4194-a6cc-26aeee9b5668}</UniqueIdentifier>
    </Filter>
    <Filter Include="소스 파일\Objects">
      <UniqueIdentifier>{e2241069-959d-439e-b4a0-e6ddae7a16a7}</UniqueIdentifier>
    </Filter>
    <Filter Include="헤더 파일\Objects">
      <UniqueIdentifier>{bf2de4db-bb7b-4aca-8234-7fe73331fd0b}</UniqueIdentifier>
    </Filter>
    <Filter Include="소스 파일\Objects\Stage">
      <UniqueIdentifier>{3d660332-d114-4c03-8265-6ae5bf0bc67f}</UniqueIdentifier>
    </Filter>
    <Filter Include="소스 파일\Objects\UserInterface">
      <UniqueIdentifier>{81b0b5c7-43ea-4991-bd58-4e7b6841c848}</UniqueIdentifier>
    </Filter>
    <Filter Include="헤더 파일\Objects\Stage">
      <UniqueIdentifier>{d60e0495-f811-4986-a749-e9c9f4122c74}</UniqueIdentifier>
    </Filter>
    <Filter Include="헤더 파일\Objects\UserInterface">
      <UniqueIdentifier>{16e5bb06-090d-435d-b346-86d898cd6963}</UniqueIdentifier>
    </Filter>
  </ItemGroup>
  <ItemGroup>
    <ClInclude Include="Main\gameFramework.h">
      <Filter>헤더 파일\Main</Filter>
    </ClInclude>
    <ClInclude Include="Main\CppToyProjectClient.h">
      <Filter>헤더 파일\Main</Filter>
    </ClInclude>
    <ClInclude Include="Main\framework.h">
      <Filter>헤더 파일\Main</Filter>
    </ClInclude>
    <ClInclude Include="Main\targetver.h">
      <Filter>헤더 파일\Main</Filter>
    </ClInclude>
    <ClInclude Include="Main\Resource.h">
      <Filter>헤더 파일\Main</Filter>
    </ClInclude>
    <ClInclude Include="Objects\lobbyStage.h">
      <Filter>헤더 파일\Objects\Stage</Filter>
    </ClInclude>
    <ClInclude Include="Objects\lobbyUserInterface.h">
      <Filter>헤더 파일\Objects\Stage</Filter>
    </ClInclude>
    <ClInclude Include="Objects\loginStage.h">
      <Filter>헤더 파일\Objects\UserInterface</Filter>
    </ClInclude>
    <ClInclude Include="Objects\loginUserInterface.h">
      <Filter>헤더 파일\Objects\UserInterface</Filter>
    </ClInclude>
    <ClInclude Include="Objects\stage.h">
      <Filter>헤더 파일\Objects\Stage</Filter>
    </ClInclude>
    <ClInclude Include="Objects\userInterface.h">
      <Filter>헤더 파일\Objects\UserInterface</Filter>
    </ClInclude>
  </ItemGroup>
  <ItemGroup>
    <ResourceCompile Include="CppToyProjectClient.rc">
      <Filter>리소스 파일</Filter>
    </ResourceCompile>
  </ItemGroup>
  <ItemGroup>
    <Image Include="small.ico">
      <Filter>리소스 파일</Filter>
    </Image>
    <Image Include="CppToyProjectClient.ico">
      <Filter>리소스 파일</Filter>
    </Image>
  </ItemGroup>
  <ItemGroup>
    <ClCompile Include="Main\gameFramework.cpp">
      <Filter>소스 파일\Main</Filter>
    </ClCompile>
    <ClCompile Include="Main\CppToyProjectClient.cpp">
      <Filter>소스 파일\Main</Filter>
    </ClCompile>
    <ClCompile Include="Objects\lobbyStage.cpp">
      <Filter>소스 파일\Objects\Stage</Filter>
    </ClCompile>
    <ClCompile Include="Objects\loginUserInterface.cpp">
      <Filter>소스 파일\Objects\UserInterface</Filter>
    </ClCompile>
    <ClCompile Include="Objects\loginStage.cpp">
      <Filter>소스 파일\Objects\Stage</Filter>
    </ClCompile>
    <ClCompile Include="Objects\lobbyUserInterface.cpp">
      <Filter>소스 파일\Objects\UserInterface</Filter>
    </ClCompile>
    <ClCompile Include="Objects\stage.cpp">
      <Filter>소스 파일\Objects\Stage</Filter>
    </ClCompile>
    <ClCompile Include="Objects\userInterface.cpp">
      <Filter>소스 파일\Objects\UserInterface</Filter>
    </ClCompile>
  </ItemGroup>
</Project>